
Microsoft Visual Studio Solution File, Format Version 12.00
# Visual Studio Version 17
VisualStudioVersion = 17.13.35825.156
MinimumVisualStudioVersion = 10.0.40219.1
Project("{8BC9CEB8-8B4A-11D0-8D11-00A0C91BC942}") = "CustomAllocator", "CustomAllocator\CustomAllocator.vcxproj", "{3308E1EE-ABF2-44D0-9F24-BA278559235D}"
EndProject
Project("{8BC9CEB8-8B4A-11D0-8D11-00A0C91BC942}") = "CustomAllocatorTest", "CustomAllocatorTest\CustomAllocatorTest.vcxproj", "{64D09EF5-3156-4D44-AA82-D8CFD868A984}"
	ProjectSection(ProjectDependencies) = postProject
		{3308E1EE-ABF2-44D0-9F24-BA278559235D} = {3308E1EE-ABF2-44D0-9F24-BA278559235D}
	EndProjectSection
EndProject
Global
	GlobalSection(SolutionConfigurationPlatforms) = preSolution
		Debug|x64 = Debug|x64
		Debug|x86 = Debug|x86
		Release|x64 = Release|x64
		Release|x86 = Release|x86
	EndGlobalSection
	GlobalSection(ProjectConfigurationPlatforms) = postSolution
		{3308E1EE-ABF2-44D0-9F24-BA278559235D}.Debug|x64.ActiveCfg = Debug|x64
		{3308E1EE-ABF2-44D0-9F24-BA278559235D}.Debug|x64.Build.0 = Debug|x64
		{3308E1EE-ABF2-44D0-9F24-BA278559235D}.Debug|x86.ActiveCfg = Debug|Win32
		{3308E1EE-ABF2-44D0-9F24-BA278559235D}.Debug|x86.Build.0 = Debug|Win32
		{3308E1EE-ABF2-44D0-9F24-BA278559235D}.Release|x64.ActiveCfg = Release|x64
		{3308E1EE-ABF2-44D0-9F24-BA278559235D}.Release|x64.Build.0 = Release|x64
		{3308E1EE-ABF2-44D0-9F24-BA278559235D}.Release|x86.ActiveCfg = Release|Win32
		{3308E1EE-ABF2-44D0-9F24-BA278559235D}.Release|x86.Build.0 = Release|Win32
		{64D09EF5-3156-4D44-AA82-D8CFD868A984}.Debug|x64.ActiveCfg = Debug|x64
		{64D09EF5-3156-4D44-AA82-D8CFD868A984}.Debug|x64.Build.0 = Debug|x64
		{64D09EF5-3156-4D44-AA82-D8CFD868A984}.Debug|x86.ActiveCfg = Debug|Win32
		{64D09EF5-3156-4D44-AA82-D8CFD868A984}.Debug|x86.Build.0 = Debug|Win32
		{64D09EF5-3156-4D44-AA82-D8CFD868A984}.Release|x64.ActiveCfg = Release|x64
		{64D09EF5-3156-4D44-AA82-D8CFD868A984}.Release|x64.Build.0 = Release|x64
		{64D09EF5-3156-4D44-AA82-D8CFD868A984}.Release|x86.ActiveCfg = Release|Win32
		{64D09EF5-3156-4D44-AA82-D8CFD868A984}.Release|x86.Build.0 = Release|Win32
	EndGlobalSection
	GlobalSection(SolutionProperties) = preSolution
		HideSolutionNode = FALSE
	EndGlobalSection
	GlobalSection(ExtensibilityGlobals) = postSolution
		SolutionGuid = {940E15C2-1145-46BF-A411-A6D6360EFB52}
	EndGlobalSection
EndGlobal
